
Microsoft Visual Studio Solution File, Format Version 12.00
# Visual Studio 15
VisualStudioVersion = 15.0.27130.2010
MinimumVisualStudioVersion = 10.0.40219.1
Project("{FAE04EC0-301F-11D3-BF4B-00C04F79EFBC}") = "SmartReader", "SmartReader\SmartReader.csproj", "{39D22200-8195-4132-8C70-7B6D794CAA97}"
EndProject
Global
	GlobalSection(SolutionConfigurationPlatforms) = preSolution
		Debug|Any CPU = Debug|Any CPU
		Release|Any CPU = Release|Any CPU
	EndGlobalSection
	GlobalSection(ProjectConfigurationPlatforms) = postSolution
		{39D22200-8195-4132-8C70-7B6D794CAA97}.Debug|Any CPU.ActiveCfg = Debug|Any CPU
		{39D22200-8195-4132-8C70-7B6D794CAA97}.Debug|Any CPU.Build.0 = Debug|Any CPU
		{39D22200-8195-4132-8C70-7B6D794CAA97}.Release|Any CPU.ActiveCfg = Release|Any CPU
		{39D22200-8195-4132-8C70-7B6D794CAA97}.Release|Any CPU.Build.0 = Release|Any CPU
	EndGlobalSection
	GlobalSection(SolutionProperties) = preSolution
		HideSolutionNode = FALSE
	EndGlobalSection
	GlobalSection(ExtensibilityGlobals) = postSolution
		SolutionGuid = {CE30F6AF-75D9-421F-8DD7-9976A31AC617}
	EndGlobalSection
EndGlobal
